{
  "name": "media-preview",
  "version": "10.0.0",
  "lockfileVersion": 3,
  "requires": true,
  "packages": {
    "": {
      "name": "media-preview",
      "version": "10.0.0",
      "license": "MIT",
      "dependencies": {
        "@vscode/extension-telemetry": "^0.9.8",
        "vscode-uri": "^3.0.6"
      },
      "devDependencies": {
        "@types/node": "22.x"
      },
      "engines": {
        "vscode": "^1.70.0"
      }
    },
    "node_modules/@microsoft/1ds-core-js": {
      "version": "4.3.4",
      "license": "MIT",
      "dependencies": {
        "@microsoft/applicationinsights-core-js": "3.3.4",
        "@microsoft/applicationinsights-shims": "3.0.1",
        "@microsoft/dynamicproto-js": "^2.0.3",
        "@nevware21/ts-async": ">= 0.5.2 < 2.x",
        "@nevware21/ts-utils": ">= 0.11.3 < 2.x"
      }
    },
    "node_modules/@microsoft/1ds-post-js": {
      "version": "4.3.4",
      "license": "MIT",
      "dependencies": {
        "@microsoft/1ds-core-js": "4.3.4",
        "@microsoft/applicationinsights-shims": "3.0.1",
        "@microsoft/dynamicproto-js": "^2.0.3",
        "@nevware21/ts-async": ">= 0.5.2 < 2.x",
        "@nevware21/ts-utils": ">= 0.11.3 < 2.x"
      }
    },
    "node_modules/@microsoft/applicationinsights-channel-js": {
      "version": "3.3.4",
      "license": "MIT",
      "dependencies": {
        "@microsoft/applicationinsights-common": "3.3.4",
        "@microsoft/applicationinsights-core-js": "3.3.4",
        "@microsoft/applicationinsights-shims": "3.0.1",
        "@microsoft/dynamicproto-js": "^2.0.3",
        "@nevware21/ts-async": ">= 0.5.2 < 2.x",
        "@nevware21/ts-utils": ">= 0.11.3 < 2.x"
      },
      "peerDependencies": {
        "tslib": ">= 1.0.0"
      }
    },
    "node_modules/@microsoft/applicationinsights-common": {
      "version": "3.3.4",
      "license": "MIT",
      "dependencies": {
        "@microsoft/applicationinsights-core-js": "3.3.4",
        "@microsoft/applicationinsights-shims": "3.0.1",
        "@microsoft/dynamicproto-js": "^2.0.3",
        "@nevware21/ts-utils": ">= 0.11.3 < 2.x"
      },
      "peerDependencies": {
        "tslib": ">= 1.0.0"
      }
    },
    "node_modules/@microsoft/applicationinsights-core-js": {
      "version": "3.3.4",
      "license": "MIT",
      "dependencies": {
        "@microsoft/applicationinsights-shims": "3.0.1",
        "@microsoft/dynamicproto-js": "^2.0.3",
        "@nevware21/ts-async": ">= 0.5.2 < 2.x",
        "@nevware21/ts-utils": ">= 0.11.3 < 2.x"
      },
      "peerDependencies": {
        "tslib": ">= 1.0.0"
      }
    },
    "node_modules/@microsoft/applicationinsights-shims": {
      "version": "3.0.1",
      "license": "MIT",
      "dependencies": {
        "@nevware21/ts-utils": ">= 0.9.4 < 2.x"
      }
    },
    "node_modules/@microsoft/applicationinsights-web-basic": {
      "version": "3.3.4",
      "license": "MIT",
      "dependencies": {
        "@microsoft/applicationinsights-channel-js": "3.3.4",
        "@microsoft/applicationinsights-common": "3.3.4",
        "@microsoft/applicationinsights-core-js": "3.3.4",
        "@microsoft/applicationinsights-shims": "3.0.1",
        "@microsoft/dynamicproto-js": "^2.0.3",
        "@nevware21/ts-async": ">= 0.5.2 < 2.x",
        "@nevware21/ts-utils": ">= 0.11.3 < 2.x"
      },
      "peerDependencies": {
        "tslib": ">= 1.0.0"
      }
    },
    "node_modules/@microsoft/dynamicproto-js": {
      "version": "2.0.3",
      "license": "MIT",
      "dependencies": {
        "@nevware21/ts-utils": ">= 0.10.4 < 2.x"
      }
    },
    "node_modules/@nevware21/ts-async": {
      "version": "0.5.4",
      "license": "MIT",
      "dependencies": {
        "@nevware21/ts-utils": ">= 0.11.6 < 2.x"
      }
    },
    "node_modules/@nevware21/ts-utils": {
      "version": "0.11.6",
      "license": "MIT"
    },
    "node_modules/@types/node": {
      "version": "22.18.13",
      "dev": true,
      "license": "MIT",
      "dependencies": {
        "undici-types": "~6.21.0"
      }
    },
    "node_modules/@vscode/extension-telemetry": {
      "version": "0.9.8",
      "license": "MIT",
      "dependencies": {
        "@microsoft/1ds-core-js": "^4.3.4",
        "@microsoft/1ds-post-js": "^4.3.4",
        "@microsoft/applicationinsights-web-basic": "^3.3.4"
      },
      "engines": {
        "vscode": "^1.75.0"
      }
    },
    "node_modules/undici-types": {
      "version": "6.21.0",
      "dev": true,
      "license": "MIT"
    },
    "node_modules/vscode-uri": {
      "version": "3.0.6",
      "license": "MIT"
    }
  }
}
