#MicroXplorer Configuration settings - do not modify
File.Version=6
KeepUserPlacement=false
Mcu.CPN=STM32F303K8Tx
Mcu.Family=STM32F3
Mcu.IP0=GPIO
Mcu.IP1=RCC
Mcu.IP2=SYS
Mcu.IPNb=3
Mcu.Name=STM32F303K8Tx
Mcu.Package=LQFP32
Mcu.Pin0=GPIO_Output
Mcu.Pin0GPIO=GPIOA
Mcu.Pin0Name=PA5
Mcu.Pin0Signal=GPIO_Output
Mcu.Pin1=GPIO_Output
Mcu.Pin1GPIO=GPIOA
Mcu.Pin1Name=PA2
Mcu.Pin1Signal=GPIO_Output
Mcu.PinNb=2
Mcu.PinsNb=2
Mcu.UserName=STM32F303K8Tx
MxDb.Version=DB.6.0.110
MxCube.Version=6.10.0
NVIC.BusFault_IRQn=true\:0\:0\:false\:false\:true\:false\:false
NVIC.DebugMonitor_IRQn=true\:0\:0\:false\:false\:true\:false\:false
NVIC.EXTI9_5_IRQn=true\:0\:0\:false\:false\:true\:false\:false
NVIC.HardFault_IRQn=true\:0\:0\:false\:false\:true\:false\:false
NVIC.MemoryManagement_IRQn=true\:0\:0\:false\:false\:true\:false\:false
NVIC.NonMaskableInt_IRQn=true\:0\:0\:false\:false\:true\:false\:false
NVIC.PendSV_IRQn=true\:0\:0\:false\:false\:true\:false\:false
NVIC.SVC_IRQn=true\:0\:0\:false\:false\:true\:false\:false
NVIC.SysTick_IRQn=true\:0\:0\:false\:false\:true\:false\:false
NVIC.UsageFault_IRQn=true\:0\:0\:false\:false\:true\:false\:false
PA5.Signal=GPIO_Output
PA5.GPIOParameters=GPIO_Label,GPIO_ModeDefaultEXTI,GPIO_Pull,GPIO_Speed,GPIO_ModeDefaultOutputPP,GPIO_ModeAF,GPIO_Remap,GPIO_ModeDefaultEXTI,GPIO_ModeDefaultOutputPP
PA5.GPIO_Label=LED1
PA5.GPIO_ModeDefaultEXTI=GPIO_MODE_IT_FALLING
PA5.GPIO_Pull=GPIO_NOPULL
PA5.GPIO_Speed=GPIO_SPEED_FREQ_LOW
PA5.GPIO_ModeDefaultOutputPP=GPIO_MODE_OUTPUT_PP
PA5.GPIO_ModeAF=GPIO_MODE_AF_PP
PA5.GPIO_Remap=0
PA2.Signal=GPIO_Output
PA2.GPIOParameters=GPIO_Label,GPIO_ModeDefaultEXTI,GPIO_Pull,GPIO_Speed,GPIO_ModeDefaultOutputPP,GPIO_ModeAF,GPIO_Remap,GPIO_ModeDefaultEXTI,GPIO_ModeDefaultOutputPP
PA2.GPIO_Label=LED2
PA2.GPIO_ModeDefaultEXTI=GPIO_MODE_IT_FALLING
PA2.GPIO_Pull=GPIO_NOPULL
PA2.GPIO_Speed=GPIO_SPEED_FREQ_LOW
PA2.GPIO_ModeDefaultOutputPP=GPIO_MODE_OUTPUT_PP
PA2.GPIO_ModeAF=GPIO_MODE_AF_PP
PA2.GPIO_Remap=0
PCC.Checker=false
PCC.Line=STM32F303K8Tx
PCC.MCU=STM32F303K8Tx
PCC.PartNumber=STM32F303K8Tx
PCC.Seq0=0
PCC.Series=STM32F3
PCC.Temperature=25
PCC.Vdd=3.3
PinoutData.Author=ST
PinoutData.Version=1.0.0
ProjectManager.ProjectBaudRate=115200
ProjectManager.ProjectFileName=project.ioc
ProjectManager.ProjectName=project
ProjectManager.ToolChain=Makefile
ProjectManager.LibraryCopySrc=1
RCC.ADCFreqValue=8
RCC.AHBFreq_Value=8000000
RCC.APB1CLKDivider=RCC_HCLK_DIV1
RCC.APB1Freq_Value=8000000
RCC.APB2CLKDivider=RCC_HCLK_DIV1
RCC.APB2Freq_Value=8000000
RCC.FCLKCortexFreq_Value=8000000
RCC.FCLKTimerFreq_Value=8000000
RCC.HCLKFreq_Value=8000000
RCC.IPParameters=ADCFreqValue,AHBFreq_Value,APB1CLKDivider,APB1Freq_Value,APB2CLKDivider,APB2Freq_Value,FCLKCortexFreq_Value,FCLKTimerFreq_Value,HCLKFreq_Value,MCOFreq_Value,PLLCLKFreq_Value,PLLMCOFreq_Value,SYSCLKFreq_VALUE,SYSCLKFreq_Value,SYSPCLKFreq_Value,TimAPB1ClockSelection,TimAPB2ClockSelection,USART1FreqValue,USART2FreqValue,USART3FreqValue,USART4FreqValue,USART5FreqValue
RCC.MCOFreq_Value=8
RCC.PLLCLKFreq_Value=8
RCC.PLLMCOFreq_Value=8
RCC.SYSCLKFreq_VALUE=8000000
RCC.SYSCLKFreq_Value=8000000
RCC.SYSPCLKFreq_Value=8000000
RCC.TimAPB1ClockSelection=true
RCC.TimAPB2ClockSelection=true
RCC.USART1FreqValue=8
RCC.USART2FreqValue=8
RCC.USART3FreqValue=8
RCC.USART4FreqValue=8
RCC.USART5FreqValue=8
RCC.HSIState=RCC_HSI_ON
RCC.PLL.PLLState=RCC_PLL_NONE
SYS.IPParameters=SYS_DBGMCU_MCUDBG
SYS.SYS_DBGMCU_MCUDBG=0
board=custom
