{
  "name": "stm32-ux",
  "version": "0.0.1",
  "lockfileVersion": 3,
  "requires": true,
  "packages": {
    "": {
      "name": "stm32-ux",
      "version": "0.0.1",
      "license": "MIT",
      "dependencies": {
        "@vscode/webview-ui-toolkit": "^1.4.0",
        "react": "^19.2.4",
        "react-dom": "^19.2.4"
      },
      "devDependencies": {
        "@types/node": "22.x"
      },
      "engines": {
        "vscode": "^1.70.0"
      }
    },
    "node_modules/@microsoft/fast-element": {
      "version": "1.14.0",
      "resolved": "https://registry.npmjs.org/@microsoft/fast-element/-/fast-element-1.14.0.tgz",
      "integrity": "sha512-zXvuSOzvsu8zDTy9eby8ix8VqLop2rwKRgp++ZN2kTCsoB3+QJVoaGD2T/Cyso2ViZQFXNpiNCVKfnmxBvmWkQ==",
      "license": "MIT"
    },
    "node_modules/@microsoft/fast-foundation": {
      "version": "2.50.0",
      "resolved": "https://registry.npmjs.org/@microsoft/fast-foundation/-/fast-foundation-2.50.0.tgz",
      "integrity": "sha512-8mFYG88Xea1jZf2TI9Lm/jzZ6RWR8x29r24mGuLojNYqIR2Bl8+hnswoV6laApKdCbGMPKnsAL/O68Q0sRxeVg==",
      "license": "MIT",
      "dependencies": {
        "@microsoft/fast-element": "^1.14.0",
        "@microsoft/fast-web-utilities": "^5.4.1",
        "tabbable": "^5.2.0",
        "tslib": "^1.13.0"
      }
    },
    "node_modules/@microsoft/fast-foundation/node_modules/tslib": {
      "version": "1.14.1",
      "resolved": "https://registry.npmjs.org/tslib/-/tslib-1.14.1.tgz",
      "integrity": "sha512-Xni35NKzjgMrwevysHTCArtLDpPvye8zV/0E4EyYn43P7/7qvQwPh9BGkHewbMulVntbigmcT7rdX3BNo9wRJg==",
      "license": "0BSD"
    },
    "node_modules/@microsoft/fast-react-wrapper": {
      "version": "0.3.25",
      "resolved": "https://registry.npmjs.org/@microsoft/fast-react-wrapper/-/fast-react-wrapper-0.3.25.tgz",
      "integrity": "sha512-jKzmk2xJV93RL/jEFXEZgBvXlKIY4N4kXy3qrjmBfFpqNi3VjY+oUTWyMnHRMC5EUhIFxD+Y1VD4u9uIPX3jQw==",
      "license": "MIT",
      "dependencies": {
        "@microsoft/fast-element": "^1.14.0",
        "@microsoft/fast-foundation": "^2.50.0"
      },
      "peerDependencies": {
        "react": ">=16.9.0"
      }
    },
    "node_modules/@microsoft/fast-web-utilities": {
      "version": "5.4.1",
      "resolved": "https://registry.npmjs.org/@microsoft/fast-web-utilities/-/fast-web-utilities-5.4.1.tgz",
      "integrity": "sha512-ReWYncndjV3c8D8iq9tp7NcFNc1vbVHvcBFPME2nNFKNbS1XCesYZGlIlf3ot5EmuOXPlrzUHOWzQ2vFpIkqDg==",
      "license": "MIT",
      "dependencies": {
        "exenv-es6": "^1.1.1"
      }
    },
    "node_modules/@types/node": {
      "version": "22.19.15",
      "resolved": "https://registry.npmjs.org/@types/node/-/node-22.19.15.tgz",
      "integrity": "sha512-F0R/h2+dsy5wJAUe3tAU6oqa2qbWY5TpNfL/RGmo1y38hiyO1w3x2jPtt76wmuaJI4DQnOBu21cNXQ2STIUUWg==",
      "dev": true,
      "license": "MIT",
      "dependencies": {
        "undici-types": "~6.21.0"
      }
    },
    "node_modules/@vscode/webview-ui-toolkit": {
      "version": "1.4.0",
      "resolved": "https://registry.npmjs.org/@vscode/webview-ui-toolkit/-/webview-ui-toolkit-1.4.0.tgz",
      "integrity": "sha512-modXVHQkZLsxgmd5yoP3ptRC/G8NBDD+ob+ngPiWNQdlrH6H1xR/qgOBD85bfU3BhOB5sZzFWBwwhp9/SfoHww==",
      "deprecated": "This package has been deprecated, https://github.com/microsoft/vscode-webview-ui-toolkit/issues/561",
      "license": "MIT",
      "dependencies": {
        "@microsoft/fast-element": "^1.12.0",
        "@microsoft/fast-foundation": "^2.49.4",
        "@microsoft/fast-react-wrapper": "^0.3.22",
        "tslib": "^2.6.2"
      },
      "peerDependencies": {
        "react": ">=16.9.0"
      }
    },
    "node_modules/exenv-es6": {
      "version": "1.1.1",
      "resolved": "https://registry.npmjs.org/exenv-es6/-/exenv-es6-1.1.1.tgz",
      "integrity": "sha512-vlVu3N8d6yEMpMsEm+7sUBAI81aqYYuEvfK0jNqmdb/OPXzzH7QWDDnVjMvDSY47JdHEqx/dfC/q8WkfoTmpGQ==",
      "license": "MIT"
    },
    "node_modules/react": {
      "version": "19.2.4",
      "resolved": "https://registry.npmjs.org/react/-/react-19.2.4.tgz",
      "integrity": "sha512-9nfp2hYpCwOjAN+8TZFGhtWEwgvWHXqESH8qT89AT/lWklpLON22Lc8pEtnpsZz7VmawabSU0gCjnj8aC0euHQ==",
      "license": "MIT",
      "engines": {
        "node": ">=0.10.0"
      }
    },
    "node_modules/react-dom": {
      "version": "19.2.4",
      "resolved": "https://registry.npmjs.org/react-dom/-/react-dom-19.2.4.tgz",
      "integrity": "sha512-AXJdLo8kgMbimY95O2aKQqsz2iWi9jMgKJhRBAxECE4IFxfcazB2LmzloIoibJI3C12IlY20+KFaLv+71bUJeQ==",
      "license": "MIT",
      "dependencies": {
        "scheduler": "^0.27.0"
      },
      "peerDependencies": {
        "react": "^19.2.4"
      }
    },
    "node_modules/scheduler": {
      "version": "0.27.0",
      "resolved": "https://registry.npmjs.org/scheduler/-/scheduler-0.27.0.tgz",
      "integrity": "sha512-eNv+WrVbKu1f3vbYJT/xtiF5syA5HPIMtf9IgY/nKg0sWqzAUEvqY/xm7OcZc/qafLx/iO9FgOmeSAp4v5ti/Q==",
      "license": "MIT"
    },
    "node_modules/tabbable": {
      "version": "5.3.3",
      "resolved": "https://registry.npmjs.org/tabbable/-/tabbable-5.3.3.tgz",
      "integrity": "sha512-QD9qKY3StfbZqWOPLp0++pOrAVb/HbUi5xCc8cUo4XjP19808oaMiDzn0leBY5mCespIBM0CIZePzZjgzR83kA==",
      "license": "MIT"
    },
    "node_modules/tslib": {
      "version": "2.8.1",
      "resolved": "https://registry.npmjs.org/tslib/-/tslib-2.8.1.tgz",
      "integrity": "sha512-oJFu94HQb+KVduSUQL7wnpmqnfmLsOA/nAh6b6EH0wCEoK0/mPeXU6c3wKDV83MkOuHPRHtSXKKU99IBazS/2w==",
      "license": "0BSD"
    },
    "node_modules/undici-types": {
      "version": "6.21.0",
      "resolved": "https://registry.npmjs.org/undici-types/-/undici-types-6.21.0.tgz",
      "integrity": "sha512-iwDZqg0QAGrg9Rav5H4n0M64c3mkR59cJ6wQp+7C4nI0gsmExaedaYLNO44eT4AtBBwjbTiGPMlt2Md0T9H9JQ==",
      "dev": true,
      "license": "MIT"
    }
  }
}
